
Microsoft Visual Studio Solution File, Format Version 12.00
# Visual Studio 2013
VisualStudioVersion = 12.0.30501.0
MinimumVisualStudioVersion = 10.0.40219.1
Project("{FAE04EC0-301F-11D3-BF4B-00C04F79EFBC}") = "1. Electricity", "1. Electricity\1. Electricity.csproj", "{D5ED7602-116D-4676-9810-86A6D1A95BC0}"
EndProject
Project("{FAE04EC0-301F-11D3-BF4B-00C04F79EFBC}") = "2. OddAndEvenJumps", "2. OddAndEvenJumps\2. OddAndEvenJumps.csproj", "{DF598A0B-4352-4005-9AE9-5B6C4EE268DF}"
EndProject
Project("{FAE04EC0-301F-11D3-BF4B-00C04F79EFBC}") = "3. HouseWithWindow", "3. HouseWithWindow\3. HouseWithWindow.csproj", "{A7ECAB92-CA18-4DA0-A936-1914D549A1BC}"
EndProject
Project("{FAE04EC0-301F-11D3-BF4B-00C04F79EFBC}") = "4. NakovsMatching", "4. NakovsMatching\4. NakovsMatching.csproj", "{F0166141-3A8F-4091-8094-3D18DD6BF7FC}"
EndProject
Project("{FAE04EC0-301F-11D3-BF4B-00C04F79EFBC}") = "5. ChangeEvenBits", "5. ChangeEvenBits\5. ChangeEvenBits.csproj", "{C4DD178A-2D52-4984-82F0-D304C9AF32EE}"
EndProject
Global
	GlobalSection(SolutionConfigurationPlatforms) = preSolution
		Debug|Any CPU = Debug|Any CPU
		Release|Any CPU = Release|Any CPU
	EndGlobalSection
	GlobalSection(ProjectConfigurationPlatforms) = postSolution
		{D5ED7602-116D-4676-9810-86A6D1A95BC0}.Debug|Any CPU.ActiveCfg = Debug|Any CPU
		{D5ED7602-116D-4676-9810-86A6D1A95BC0}.Debug|Any CPU.Build.0 = Debug|Any CPU
		{D5ED7602-116D-4676-9810-86A6D1A95BC0}.Release|Any CPU.ActiveCfg = Release|Any CPU
		{D5ED7602-116D-4676-9810-86A6D1A95BC0}.Release|Any CPU.Build.0 = Release|Any CPU
		{DF598A0B-4352-4005-9AE9-5B6C4EE268DF}.Debug|Any CPU.ActiveCfg = Debug|Any CPU
		{DF598A0B-4352-4005-9AE9-5B6C4EE268DF}.Debug|Any CPU.Build.0 = Debug|Any CPU
		{DF598A0B-4352-4005-9AE9-5B6C4EE268DF}.Release|Any CPU.ActiveCfg = Release|Any CPU
		{DF598A0B-4352-4005-9AE9-5B6C4EE268DF}.Release|Any CPU.Build.0 = Release|Any CPU
		{A7ECAB92-CA18-4DA0-A936-1914D549A1BC}.Debug|Any CPU.ActiveCfg = Debug|Any CPU
		{A7ECAB92-CA18-4DA0-A936-1914D549A1BC}.Debug|Any CPU.Build.0 = Debug|Any CPU
		{A7ECAB92-CA18-4DA0-A936-1914D549A1BC}.Release|Any CPU.ActiveCfg = Release|Any CPU
		{A7ECAB92-CA18-4DA0-A936-1914D549A1BC}.Release|Any CPU.Build.0 = Release|Any CPU
		{F0166141-3A8F-4091-8094-3D18DD6BF7FC}.Debug|Any CPU.ActiveCfg = Debug|Any CPU
		{F0166141-3A8F-4091-8094-3D18DD6BF7FC}.Debug|Any CPU.Build.0 = Debug|Any CPU
		{F0166141-3A8F-4091-8094-3D18DD6BF7FC}.Release|Any CPU.ActiveCfg = Release|Any CPU
		{F0166141-3A8F-4091-8094-3D18DD6BF7FC}.Release|Any CPU.Build.0 = Release|Any CPU
		{C4DD178A-2D52-4984-82F0-D304C9AF32EE}.Debug|Any CPU.ActiveCfg = Debug|Any CPU
		{C4DD178A-2D52-4984-82F0-D304C9AF32EE}.Debug|Any CPU.Build.0 = Debug|Any CPU
		{C4DD178A-2D52-4984-82F0-D304C9AF32EE}.Release|Any CPU.ActiveCfg = Release|Any CPU
		{C4DD178A-2D52-4984-82F0-D304C9AF32EE}.Release|Any CPU.Build.0 = Release|Any CPU
	EndGlobalSection
	GlobalSection(SolutionProperties) = preSolution
		HideSolutionNode = FALSE
	EndGlobalSection
EndGlobal
