
Microsoft Visual Studio Solution File, Format Version 12.00
# Visual Studio 2013
VisualStudioVersion = 12.0.30501.0
MinimumVisualStudioVersion = 10.0.40219.1
Project("{FAE04EC0-301F-11D3-BF4B-00C04F79EFBC}") = "1. FruitMarket", "1. FruitMarket\1. FruitMarket.csproj", "{03DB31C6-BA63-42B4-B14E-64995C497BD8}"
EndProject
Project("{FAE04EC0-301F-11D3-BF4B-00C04F79EFBC}") = "2. BiggestTriple", "2. BiggestTriple\2. BiggestTriple.csproj", "{595891CC-CD75-4B0B-98AB-81F079A5BEF6}"
EndProject
Project("{FAE04EC0-301F-11D3-BF4B-00C04F79EFBC}") = "3. WineGlass", "3. WineGlass\3. WineGlass.csproj", "{7CCA8DCB-D175-411F-BBD5-766086A0AE31}"
EndProject
Project("{FAE04EC0-301F-11D3-BF4B-00C04F79EFBC}") = "4. LongestAlphabeticalWord", "4. LongestAlphabeticalWord\4. LongestAlphabeticalWord.csproj", "{C6F2C121-39AE-44C4-8E90-DA89420DAAC3}"
EndProject
Project("{FAE04EC0-301F-11D3-BF4B-00C04F79EFBC}") = "5. BitShooter", "5. BitShooter\5. BitShooter.csproj", "{20E824AE-F8B6-4D0B-AA0C-345A64BCB59B}"
EndProject
Global
	GlobalSection(SolutionConfigurationPlatforms) = preSolution
		Debug|Any CPU = Debug|Any CPU
		Release|Any CPU = Release|Any CPU
	EndGlobalSection
	GlobalSection(ProjectConfigurationPlatforms) = postSolution
		{03DB31C6-BA63-42B4-B14E-64995C497BD8}.Debug|Any CPU.ActiveCfg = Debug|Any CPU
		{03DB31C6-BA63-42B4-B14E-64995C497BD8}.Debug|Any CPU.Build.0 = Debug|Any CPU
		{03DB31C6-BA63-42B4-B14E-64995C497BD8}.Release|Any CPU.ActiveCfg = Release|Any CPU
		{03DB31C6-BA63-42B4-B14E-64995C497BD8}.Release|Any CPU.Build.0 = Release|Any CPU
		{595891CC-CD75-4B0B-98AB-81F079A5BEF6}.Debug|Any CPU.ActiveCfg = Debug|Any CPU
		{595891CC-CD75-4B0B-98AB-81F079A5BEF6}.Debug|Any CPU.Build.0 = Debug|Any CPU
		{595891CC-CD75-4B0B-98AB-81F079A5BEF6}.Release|Any CPU.ActiveCfg = Release|Any CPU
		{595891CC-CD75-4B0B-98AB-81F079A5BEF6}.Release|Any CPU.Build.0 = Release|Any CPU
		{7CCA8DCB-D175-411F-BBD5-766086A0AE31}.Debug|Any CPU.ActiveCfg = Debug|Any CPU
		{7CCA8DCB-D175-411F-BBD5-766086A0AE31}.Debug|Any CPU.Build.0 = Debug|Any CPU
		{7CCA8DCB-D175-411F-BBD5-766086A0AE31}.Release|Any CPU.ActiveCfg = Release|Any CPU
		{7CCA8DCB-D175-411F-BBD5-766086A0AE31}.Release|Any CPU.Build.0 = Release|Any CPU
		{C6F2C121-39AE-44C4-8E90-DA89420DAAC3}.Debug|Any CPU.ActiveCfg = Debug|Any CPU
		{C6F2C121-39AE-44C4-8E90-DA89420DAAC3}.Debug|Any CPU.Build.0 = Debug|Any CPU
		{C6F2C121-39AE-44C4-8E90-DA89420DAAC3}.Release|Any CPU.ActiveCfg = Release|Any CPU
		{C6F2C121-39AE-44C4-8E90-DA89420DAAC3}.Release|Any CPU.Build.0 = Release|Any CPU
		{20E824AE-F8B6-4D0B-AA0C-345A64BCB59B}.Debug|Any CPU.ActiveCfg = Debug|Any CPU
		{20E824AE-F8B6-4D0B-AA0C-345A64BCB59B}.Debug|Any CPU.Build.0 = Debug|Any CPU
		{20E824AE-F8B6-4D0B-AA0C-345A64BCB59B}.Release|Any CPU.ActiveCfg = Release|Any CPU
		{20E824AE-F8B6-4D0B-AA0C-345A64BCB59B}.Release|Any CPU.Build.0 = Release|Any CPU
	EndGlobalSection
	GlobalSection(SolutionProperties) = preSolution
		HideSolutionNode = FALSE
	EndGlobalSection
EndGlobal
