
Microsoft Visual Studio Solution File, Format Version 12.00
# Visual Studio 2013
VisualStudioVersion = 12.0.30501.0
MinimumVisualStudioVersion = 10.0.40219.1
Project("{FAE04EC0-301F-11D3-BF4B-00C04F79EFBC}") = "11. ExtractBitThree", "11.ExtractBitThree\11. ExtractBitThree.csproj", "{4E4766B9-DE0D-4208-80BE-2584B8741F9A}"
EndProject
Project("{FAE04EC0-301F-11D3-BF4B-00C04F79EFBC}") = "12. ExtractBitFromInt", "12. ExtractBitFromInt\12. ExtractBitFromInt.csproj", "{4C5694D1-05E8-469B-982B-6DCD70A54AFC}"
EndProject
Project("{FAE04EC0-301F-11D3-BF4B-00C04F79EFBC}") = "13. CheckBitAtPosition", "13. CheckBitAtPosition\13. CheckBitAtPosition.csproj", "{C9027FCD-9D49-4A1F-BBDD-A321C1F33345}"
EndProject
Project("{FAE04EC0-301F-11D3-BF4B-00C04F79EFBC}") = "14. ModifyBitAtPosition", "14. ModifyBitAtPosition\14. ModifyBitAtPosition.csproj", "{16601A0C-5230-49A2-B55D-C7223E7565FA}"
EndProject
Project("{FAE04EC0-301F-11D3-BF4B-00C04F79EFBC}") = "15. BitsExchange", "15. BitsExchange\15. BitsExchange.csproj", "{2D6B3B22-7623-4F27-B9E1-02EE66BAB98A}"
EndProject
Project("{FAE04EC0-301F-11D3-BF4B-00C04F79EFBC}") = "16. BitsExchangeAdvanced", "16. BitsExchangeAdvanced\16. BitsExchangeAdvanced.csproj", "{61CCFCA7-08FB-4828-BA19-3AC8334A4C7C}"
EndProject
Global
	GlobalSection(SolutionConfigurationPlatforms) = preSolution
		Debug|Any CPU = Debug|Any CPU
		Debug|Mixed Platforms = Debug|Mixed Platforms
		Debug|x86 = Debug|x86
		Release|Any CPU = Release|Any CPU
		Release|Mixed Platforms = Release|Mixed Platforms
		Release|x86 = Release|x86
	EndGlobalSection
	GlobalSection(ProjectConfigurationPlatforms) = postSolution
		{4E4766B9-DE0D-4208-80BE-2584B8741F9A}.Debug|Any CPU.ActiveCfg = Debug|x86
		{4E4766B9-DE0D-4208-80BE-2584B8741F9A}.Debug|Mixed Platforms.ActiveCfg = Debug|x86
		{4E4766B9-DE0D-4208-80BE-2584B8741F9A}.Debug|Mixed Platforms.Build.0 = Debug|x86
		{4E4766B9-DE0D-4208-80BE-2584B8741F9A}.Debug|x86.ActiveCfg = Debug|x86
		{4E4766B9-DE0D-4208-80BE-2584B8741F9A}.Debug|x86.Build.0 = Debug|x86
		{4E4766B9-DE0D-4208-80BE-2584B8741F9A}.Release|Any CPU.ActiveCfg = Release|x86
		{4E4766B9-DE0D-4208-80BE-2584B8741F9A}.Release|Mixed Platforms.ActiveCfg = Release|x86
		{4E4766B9-DE0D-4208-80BE-2584B8741F9A}.Release|Mixed Platforms.Build.0 = Release|x86
		{4E4766B9-DE0D-4208-80BE-2584B8741F9A}.Release|x86.ActiveCfg = Release|x86
		{4E4766B9-DE0D-4208-80BE-2584B8741F9A}.Release|x86.Build.0 = Release|x86
		{4C5694D1-05E8-469B-982B-6DCD70A54AFC}.Debug|Any CPU.ActiveCfg = Debug|x86
		{4C5694D1-05E8-469B-982B-6DCD70A54AFC}.Debug|Mixed Platforms.ActiveCfg = Debug|x86
		{4C5694D1-05E8-469B-982B-6DCD70A54AFC}.Debug|Mixed Platforms.Build.0 = Debug|x86
		{4C5694D1-05E8-469B-982B-6DCD70A54AFC}.Debug|x86.ActiveCfg = Debug|x86
		{4C5694D1-05E8-469B-982B-6DCD70A54AFC}.Debug|x86.Build.0 = Debug|x86
		{4C5694D1-05E8-469B-982B-6DCD70A54AFC}.Release|Any CPU.ActiveCfg = Release|x86
		{4C5694D1-05E8-469B-982B-6DCD70A54AFC}.Release|Mixed Platforms.ActiveCfg = Release|x86
		{4C5694D1-05E8-469B-982B-6DCD70A54AFC}.Release|Mixed Platforms.Build.0 = Release|x86
		{4C5694D1-05E8-469B-982B-6DCD70A54AFC}.Release|x86.ActiveCfg = Release|x86
		{4C5694D1-05E8-469B-982B-6DCD70A54AFC}.Release|x86.Build.0 = Release|x86
		{C9027FCD-9D49-4A1F-BBDD-A321C1F33345}.Debug|Any CPU.ActiveCfg = Debug|x86
		{C9027FCD-9D49-4A1F-BBDD-A321C1F33345}.Debug|Mixed Platforms.ActiveCfg = Debug|x86
		{C9027FCD-9D49-4A1F-BBDD-A321C1F33345}.Debug|Mixed Platforms.Build.0 = Debug|x86
		{C9027FCD-9D49-4A1F-BBDD-A321C1F33345}.Debug|x86.ActiveCfg = Debug|x86
		{C9027FCD-9D49-4A1F-BBDD-A321C1F33345}.Debug|x86.Build.0 = Debug|x86
		{C9027FCD-9D49-4A1F-BBDD-A321C1F33345}.Release|Any CPU.ActiveCfg = Release|x86
		{C9027FCD-9D49-4A1F-BBDD-A321C1F33345}.Release|Mixed Platforms.ActiveCfg = Release|x86
		{C9027FCD-9D49-4A1F-BBDD-A321C1F33345}.Release|Mixed Platforms.Build.0 = Release|x86
		{C9027FCD-9D49-4A1F-BBDD-A321C1F33345}.Release|x86.ActiveCfg = Release|x86
		{C9027FCD-9D49-4A1F-BBDD-A321C1F33345}.Release|x86.Build.0 = Release|x86
		{16601A0C-5230-49A2-B55D-C7223E7565FA}.Debug|Any CPU.ActiveCfg = Debug|x86
		{16601A0C-5230-49A2-B55D-C7223E7565FA}.Debug|Mixed Platforms.ActiveCfg = Debug|x86
		{16601A0C-5230-49A2-B55D-C7223E7565FA}.Debug|Mixed Platforms.Build.0 = Debug|x86
		{16601A0C-5230-49A2-B55D-C7223E7565FA}.Debug|x86.ActiveCfg = Debug|x86
		{16601A0C-5230-49A2-B55D-C7223E7565FA}.Debug|x86.Build.0 = Debug|x86
		{16601A0C-5230-49A2-B55D-C7223E7565FA}.Release|Any CPU.ActiveCfg = Release|x86
		{16601A0C-5230-49A2-B55D-C7223E7565FA}.Release|Mixed Platforms.ActiveCfg = Release|x86
		{16601A0C-5230-49A2-B55D-C7223E7565FA}.Release|Mixed Platforms.Build.0 = Release|x86
		{16601A0C-5230-49A2-B55D-C7223E7565FA}.Release|x86.ActiveCfg = Release|x86
		{16601A0C-5230-49A2-B55D-C7223E7565FA}.Release|x86.Build.0 = Release|x86
		{2D6B3B22-7623-4F27-B9E1-02EE66BAB98A}.Debug|Any CPU.ActiveCfg = Debug|x86
		{2D6B3B22-7623-4F27-B9E1-02EE66BAB98A}.Debug|Mixed Platforms.ActiveCfg = Debug|x86
		{2D6B3B22-7623-4F27-B9E1-02EE66BAB98A}.Debug|Mixed Platforms.Build.0 = Debug|x86
		{2D6B3B22-7623-4F27-B9E1-02EE66BAB98A}.Debug|x86.ActiveCfg = Debug|x86
		{2D6B3B22-7623-4F27-B9E1-02EE66BAB98A}.Debug|x86.Build.0 = Debug|x86
		{2D6B3B22-7623-4F27-B9E1-02EE66BAB98A}.Release|Any CPU.ActiveCfg = Release|x86
		{2D6B3B22-7623-4F27-B9E1-02EE66BAB98A}.Release|Mixed Platforms.ActiveCfg = Release|x86
		{2D6B3B22-7623-4F27-B9E1-02EE66BAB98A}.Release|Mixed Platforms.Build.0 = Release|x86
		{2D6B3B22-7623-4F27-B9E1-02EE66BAB98A}.Release|x86.ActiveCfg = Release|x86
		{2D6B3B22-7623-4F27-B9E1-02EE66BAB98A}.Release|x86.Build.0 = Release|x86
		{61CCFCA7-08FB-4828-BA19-3AC8334A4C7C}.Debug|Any CPU.ActiveCfg = Debug|Any CPU
		{61CCFCA7-08FB-4828-BA19-3AC8334A4C7C}.Debug|Any CPU.Build.0 = Debug|Any CPU
		{61CCFCA7-08FB-4828-BA19-3AC8334A4C7C}.Debug|Mixed Platforms.ActiveCfg = Debug|Any CPU
		{61CCFCA7-08FB-4828-BA19-3AC8334A4C7C}.Debug|Mixed Platforms.Build.0 = Debug|Any CPU
		{61CCFCA7-08FB-4828-BA19-3AC8334A4C7C}.Debug|x86.ActiveCfg = Debug|Any CPU
		{61CCFCA7-08FB-4828-BA19-3AC8334A4C7C}.Release|Any CPU.ActiveCfg = Release|Any CPU
		{61CCFCA7-08FB-4828-BA19-3AC8334A4C7C}.Release|Any CPU.Build.0 = Release|Any CPU
		{61CCFCA7-08FB-4828-BA19-3AC8334A4C7C}.Release|Mixed Platforms.ActiveCfg = Release|Any CPU
		{61CCFCA7-08FB-4828-BA19-3AC8334A4C7C}.Release|Mixed Platforms.Build.0 = Release|Any CPU
		{61CCFCA7-08FB-4828-BA19-3AC8334A4C7C}.Release|x86.ActiveCfg = Release|Any CPU
	EndGlobalSection
	GlobalSection(SolutionProperties) = preSolution
		HideSolutionNode = FALSE
	EndGlobalSection
EndGlobal
